
Microsoft Visual Studio Solution File, Format Version 12.00
# Visual Studio Version 16
VisualStudioVersion = 16.0.29503.13
MinimumVisualStudioVersion = 10.0.40219.1
Project("{FAE04EC0-301F-11D3-BF4B-00C04F79EFBC}") = "CityManagementSystem", "CityManagementSystem\CityManagementSystem.csproj", "{D801EDA8-2CF0-4F01-9F8F-2F59ED767F3B}"
EndProject
Global
	GlobalSection(SolutionConfigurationPlatforms) = preSolution
		Debug|Any CPU = Debug|Any CPU
		Release|Any CPU = Release|Any CPU
	EndGlobalSection
	GlobalSection(ProjectConfigurationPlatforms) = postSolution
		{D801EDA8-2CF0-4F01-9F8F-2F59ED767F3B}.Debug|Any CPU.ActiveCfg = Debug|Any CPU
		{D801EDA8-2CF0-4F01-9F8F-2F59ED767F3B}.Debug|Any CPU.Build.0 = Debug|Any CPU
		{D801EDA8-2CF0-4F01-9F8F-2F59ED767F3B}.Release|Any CPU.ActiveCfg = Release|Any CPU
		{D801EDA8-2CF0-4F01-9F8F-2F59ED767F3B}.Release|Any CPU.Build.0 = Release|Any CPU
	EndGlobalSection
	GlobalSection(SolutionProperties) = preSolution
		HideSolutionNode = FALSE
	EndGlobalSection
	GlobalSection(ExtensibilityGlobals) = postSolution
		SolutionGuid = {7F045AE3-AB62-4A31-BE1D-7A8611A1425D}
	EndGlobalSection
EndGlobal
