
Microsoft Visual Studio Solution File, Format Version 12.00
# Visual Studio Version 16
VisualStudioVersion = 16.0.29503.13
MinimumVisualStudioVersion = 10.0.40219.1
Project("{FAE04EC0-301F-11D3-BF4B-00C04F79EFBC}") = "BillManagement", "BillManagement\BillManagement.csproj", "{4E57E431-7429-4059-A882-416E9C382FDD}"
EndProject
Global
	GlobalSection(SolutionConfigurationPlatforms) = preSolution
		Debug|Any CPU = Debug|Any CPU
		Release|Any CPU = Release|Any CPU
	EndGlobalSection
	GlobalSection(ProjectConfigurationPlatforms) = postSolution
		{4E57E431-7429-4059-A882-416E9C382FDD}.Debug|Any CPU.ActiveCfg = Debug|Any CPU
		{4E57E431-7429-4059-A882-416E9C382FDD}.Debug|Any CPU.Build.0 = Debug|Any CPU
		{4E57E431-7429-4059-A882-416E9C382FDD}.Release|Any CPU.ActiveCfg = Release|Any CPU
		{4E57E431-7429-4059-A882-416E9C382FDD}.Release|Any CPU.Build.0 = Release|Any CPU
	EndGlobalSection
	GlobalSection(SolutionProperties) = preSolution
		HideSolutionNode = FALSE
	EndGlobalSection
	GlobalSection(ExtensibilityGlobals) = postSolution
		SolutionGuid = {9CA51F73-EAA8-4F98-BF87-2F3C0FFC334E}
	EndGlobalSection
EndGlobal
